
Microsoft Visual Studio Solution File, Format Version 12.00
# Visual Studio Version 16
VisualStudioVersion = 16.0.31613.86
MinimumVisualStudioVersion = 10.0.40219.1
Project("{FAE04EC0-301F-11D3-BF4B-00C04F79EFBC}") = "EntityFrameworkCore-Tutorial", "EntityFrameworkCore-Tutorial\EntityFrameworkCore-Tutorial.csproj", "{FC8F885D-1FD9-4D38-AEDA-4565908D5542}"
EndProject
Global
	GlobalSection(SolutionConfigurationPlatforms) = preSolution
		Debug|Any CPU = Debug|Any CPU
		Release|Any CPU = Release|Any CPU
	EndGlobalSection
	GlobalSection(ProjectConfigurationPlatforms) = postSolution
		{FC8F885D-1FD9-4D38-AEDA-4565908D5542}.Debug|Any CPU.ActiveCfg = Debug|Any CPU
		{FC8F885D-1FD9-4D38-AEDA-4565908D5542}.Debug|Any CPU.Build.0 = Debug|Any CPU
		{FC8F885D-1FD9-4D38-AEDA-4565908D5542}.Release|Any CPU.ActiveCfg = Release|Any CPU
		{FC8F885D-1FD9-4D38-AEDA-4565908D5542}.Release|Any CPU.Build.0 = Release|Any CPU
	EndGlobalSection
	GlobalSection(SolutionProperties) = preSolution
		HideSolutionNode = FALSE
	EndGlobalSection
	GlobalSection(ExtensibilityGlobals) = postSolution
		SolutionGuid = {60A6CEC4-9338-4CE4-97E7-58CB6AE7035A}
	EndGlobalSection
EndGlobal
